
Microsoft Visual Studio Solution File, Format Version 12.00
# Visual Studio 2012
VisualStudioVersion = 12.0.30501.0
MinimumVisualStudioVersion = 10.0.40219.1
Project("{FAE04EC0-301F-11D3-BF4B-00C04F79EFBC}") = "ApiClient", "Pasamonte.ApiClient\ApiClient.csproj", "{4AC5AB5E-8DAD-495D-8CCA-BAE4ACDC895B}"
EndProject
Project("{FAE04EC0-301F-11D3-BF4B-00C04F79EFBC}") = "ApiClient.Core", "Pasamonte.ApiClient.Core\ApiClient.Core.csproj", "{762C4DE0-CBCF-4216-9E19-5021C3251545}"
EndProject
Project("{2150E333-8FDC-42A3-9474-1A3956D46DE8}") = "Tests", "Tests", "{AC358594-A5EC-4ADE-A5E2-511A43E20020}"
EndProject
Project("{FAE04EC0-301F-11D3-BF4B-00C04F79EFBC}") = "ApiClient.Tests", "ApiClient.Tests\ApiClient.Tests.csproj", "{28F5F9EA-9E12-43D4-B813-10A4E2915824}"
EndProject
Project("{FAE04EC0-301F-11D3-BF4B-00C04F79EFBC}") = "Pasamonte.ApiClient.Foo", "Pasamonte.ApiClient.Foo\Pasamonte.ApiClient.Foo.csproj", "{F928270F-84F4-438F-B66C-DABDEA82CD81}"
EndProject
Project("{FAE04EC0-301F-11D3-BF4B-00C04F79EFBC}") = "ApiClient.Domain", "Pasamonte.ApiClient.Domain\ApiClient.Domain.csproj", "{46F6DC1B-33F6-45CB-9390-A3EBFCA4F3CA}"
EndProject
Global
	GlobalSection(SolutionConfigurationPlatforms) = preSolution
		Debug|Any CPU = Debug|Any CPU
		Release|Any CPU = Release|Any CPU
	EndGlobalSection
	GlobalSection(ProjectConfigurationPlatforms) = postSolution
		{46F6DC1B-33F6-45CB-9390-A3EBFCA4F3CA}.Debug|Any CPU.ActiveCfg = Debug|Any CPU
		{46F6DC1B-33F6-45CB-9390-A3EBFCA4F3CA}.Debug|Any CPU.Build.0 = Debug|Any CPU
		{46F6DC1B-33F6-45CB-9390-A3EBFCA4F3CA}.Release|Any CPU.ActiveCfg = Release|Any CPU
		{46F6DC1B-33F6-45CB-9390-A3EBFCA4F3CA}.Release|Any CPU.Build.0 = Release|Any CPU
		{4AC5AB5E-8DAD-495D-8CCA-BAE4ACDC895B}.Debug|Any CPU.ActiveCfg = Debug|Any CPU
		{4AC5AB5E-8DAD-495D-8CCA-BAE4ACDC895B}.Debug|Any CPU.Build.0 = Debug|Any CPU
		{4AC5AB5E-8DAD-495D-8CCA-BAE4ACDC895B}.Release|Any CPU.ActiveCfg = Release|Any CPU
		{4AC5AB5E-8DAD-495D-8CCA-BAE4ACDC895B}.Release|Any CPU.Build.0 = Release|Any CPU
		{762C4DE0-CBCF-4216-9E19-5021C3251545}.Debug|Any CPU.ActiveCfg = Debug|Any CPU
		{762C4DE0-CBCF-4216-9E19-5021C3251545}.Debug|Any CPU.Build.0 = Debug|Any CPU
		{762C4DE0-CBCF-4216-9E19-5021C3251545}.Release|Any CPU.ActiveCfg = Release|Any CPU
		{762C4DE0-CBCF-4216-9E19-5021C3251545}.Release|Any CPU.Build.0 = Release|Any CPU
		{F928270F-84F4-438F-B66C-DABDEA82CD81}.Debug|Any CPU.ActiveCfg = Debug|Any CPU
		{F928270F-84F4-438F-B66C-DABDEA82CD81}.Debug|Any CPU.Build.0 = Debug|Any CPU
		{F928270F-84F4-438F-B66C-DABDEA82CD81}.Release|Any CPU.ActiveCfg = Release|Any CPU
		{F928270F-84F4-438F-B66C-DABDEA82CD81}.Release|Any CPU.Build.0 = Release|Any CPU
	EndGlobalSection
	GlobalSection(NestedProjects) = preSolution
		{28F5F9EA-9E12-43D4-B813-10A4E2915824} = {AC358594-A5EC-4ADE-A5E2-511A43E20020}
		{F928270F-84F4-438F-B66C-DABDEA82CD81} = {AC358594-A5EC-4ADE-A5E2-511A43E20020}
	EndGlobalSection
	GlobalSection(MonoDevelopProperties) = preSolution
		StartupItem = Pasamonte.ApiClient.Foo\Pasamonte.ApiClient.Foo.csproj
	EndGlobalSection
	GlobalSection(SolutionProperties) = preSolution
		HideSolutionNode = FALSE
	EndGlobalSection
EndGlobal
