
Microsoft Visual Studio Solution File, Format Version 12.00
# Visual Studio 2013
VisualStudioVersion = 12.0.31101.0
MinimumVisualStudioVersion = 10.0.40219.1
Project("{FAE04EC0-301F-11D3-BF4B-00C04F79EFBC}") = "ApiClient.Core", "Pasamonte.ApiClient.Core\ApiClient.Core.csproj", "{762C4DE0-CBCF-4216-9E19-5021C3251545}"
EndProject
Project("{2150E333-8FDC-42A3-9474-1A3956D46DE8}") = "Tests", "Tests", "{AC358594-A5EC-4ADE-A5E2-511A43E20020}"
EndProject
Project("{FAE04EC0-301F-11D3-BF4B-00C04F79EFBC}") = "ApiClient.Tests", "ApiClient.Tests\ApiClient.Tests.csproj", "{28F5F9EA-9E12-43D4-B813-10A4E2915824}"
EndProject
Project("{FAE04EC0-301F-11D3-BF4B-00C04F79EFBC}") = "ApiClient", "Pasamonte.ApiClient\ApiClient.csproj", "{0067EB46-86E3-487A-912C-FA1EB56D9128}"
EndProject
Project("{FAE04EC0-301F-11D3-BF4B-00C04F79EFBC}") = "Pasamonte.ApiClient.Tests.Gui", "Pasamonte.ApiClient.Tests.Gui\Pasamonte.ApiClient.Tests.Gui.csproj", "{E75E726D-999E-4601-90E0-70DDAB34DBD9}"
EndProject
Project("{2150E333-8FDC-42A3-9474-1A3956D46DE8}") = "Docs", "Docs", "{B408E4EF-153F-4968-B65C-31C37185D78A}"
	ProjectSection(SolutionItems) = preProject
		Readme.txt = Readme.txt
	EndProjectSection
EndProject
Project("{FAE04EC0-301F-11D3-BF4B-00C04F79EFBC}") = "ApiClient.Core.Nuget", "Pasamonte.ApiClient.Core.Nuget\ApiClient.Core.Nuget.csproj", "{0451BAEF-DF2E-4B98-8644-94EE9415E389}"
EndProject
Project("{FAE04EC0-301F-11D3-BF4B-00C04F79EFBC}") = "Pasamonte.ApiClient.Nuget", "Pasamonte.ApiClient.Nuget\Pasamonte.ApiClient.Nuget.csproj", "{21FB87A9-3256-4366-B0E0-4EB793242786}"
EndProject
Global
	GlobalSection(SolutionConfigurationPlatforms) = preSolution
		Debug|Any CPU = Debug|Any CPU
		Release|Any CPU = Release|Any CPU
	EndGlobalSection
	GlobalSection(ProjectConfigurationPlatforms) = postSolution
		{762C4DE0-CBCF-4216-9E19-5021C3251545}.Debug|Any CPU.ActiveCfg = Debug|Any CPU
		{762C4DE0-CBCF-4216-9E19-5021C3251545}.Debug|Any CPU.Build.0 = Debug|Any CPU
		{762C4DE0-CBCF-4216-9E19-5021C3251545}.Release|Any CPU.ActiveCfg = Release|Any CPU
		{762C4DE0-CBCF-4216-9E19-5021C3251545}.Release|Any CPU.Build.0 = Release|Any CPU
		{28F5F9EA-9E12-43D4-B813-10A4E2915824}.Debug|Any CPU.ActiveCfg = Debug|Any CPU
		{28F5F9EA-9E12-43D4-B813-10A4E2915824}.Debug|Any CPU.Build.0 = Debug|Any CPU
		{28F5F9EA-9E12-43D4-B813-10A4E2915824}.Release|Any CPU.ActiveCfg = Release|Any CPU
		{28F5F9EA-9E12-43D4-B813-10A4E2915824}.Release|Any CPU.Build.0 = Release|Any CPU
		{0067EB46-86E3-487A-912C-FA1EB56D9128}.Debug|Any CPU.ActiveCfg = Debug|Any CPU
		{0067EB46-86E3-487A-912C-FA1EB56D9128}.Debug|Any CPU.Build.0 = Debug|Any CPU
		{0067EB46-86E3-487A-912C-FA1EB56D9128}.Release|Any CPU.ActiveCfg = Release|Any CPU
		{0067EB46-86E3-487A-912C-FA1EB56D9128}.Release|Any CPU.Build.0 = Release|Any CPU
		{E75E726D-999E-4601-90E0-70DDAB34DBD9}.Debug|Any CPU.ActiveCfg = Debug|Any CPU
		{E75E726D-999E-4601-90E0-70DDAB34DBD9}.Debug|Any CPU.Build.0 = Debug|Any CPU
		{E75E726D-999E-4601-90E0-70DDAB34DBD9}.Release|Any CPU.ActiveCfg = Release|Any CPU
		{E75E726D-999E-4601-90E0-70DDAB34DBD9}.Release|Any CPU.Build.0 = Release|Any CPU
		{0451BAEF-DF2E-4B98-8644-94EE9415E389}.Debug|Any CPU.ActiveCfg = Debug|Any CPU
		{0451BAEF-DF2E-4B98-8644-94EE9415E389}.Debug|Any CPU.Build.0 = Debug|Any CPU
		{0451BAEF-DF2E-4B98-8644-94EE9415E389}.Release|Any CPU.ActiveCfg = Release|Any CPU
		{0451BAEF-DF2E-4B98-8644-94EE9415E389}.Release|Any CPU.Build.0 = Release|Any CPU
		{21FB87A9-3256-4366-B0E0-4EB793242786}.Debug|Any CPU.ActiveCfg = Debug|Any CPU
		{21FB87A9-3256-4366-B0E0-4EB793242786}.Debug|Any CPU.Build.0 = Debug|Any CPU
		{21FB87A9-3256-4366-B0E0-4EB793242786}.Release|Any CPU.ActiveCfg = Release|Any CPU
		{21FB87A9-3256-4366-B0E0-4EB793242786}.Release|Any CPU.Build.0 = Release|Any CPU
	EndGlobalSection
	GlobalSection(SolutionProperties) = preSolution
		HideSolutionNode = FALSE
	EndGlobalSection
	GlobalSection(NestedProjects) = preSolution
		{28F5F9EA-9E12-43D4-B813-10A4E2915824} = {AC358594-A5EC-4ADE-A5E2-511A43E20020}
		{E75E726D-999E-4601-90E0-70DDAB34DBD9} = {AC358594-A5EC-4ADE-A5E2-511A43E20020}
	EndGlobalSection
	GlobalSection(MonoDevelopProperties) = preSolution
		StartupItem = Pasamonte.ApiClient.Foo\Pasamonte.ApiClient.Foo.csproj
	EndGlobalSection
EndGlobal
